
Microsoft Visual Studio Solution File, Format Version 12.00
# Visual Studio Version 17
VisualStudioVersion = 17.0.31912.275
MinimumVisualStudioVersion = 10.0.40219.1
Project("{9A19103F-16F7-4668-BE54-9A1E7A4F7556}") = "01.GetStartWithWindowsApplications", "1.GetStartWithWindowsApplications\01.GetStartWithWindowsApplications.csproj", "{3484A9B8-0754-4254-9D86-58E2DC8B2EF8}"
EndProject
Project("{9A19103F-16F7-4668-BE54-9A1E7A4F7556}") = "02.GetStartWithOop", "2.GetStartWithOop\02.GetStartWithOop.csproj", "{8443B14F-2BB0-4B8F-958D-D7D9620903AA}"
EndProject
Project("{9A19103F-16F7-4668-BE54-9A1E7A4F7556}") = "03.CollectionInCSharp", "CollectionInCSharp\03.CollectionInCSharp.csproj", "{E1F87B80-578C-48F8-9E19-1A95F56E1D5A}"
EndProject
Project("{9A19103F-16F7-4668-BE54-9A1E7A4F7556}") = "03-1.CollectionExample", "3.1.CollectionExample\03-1.CollectionExample.csproj", "{8AE9978C-FCF7-4C85-A078-B86A97188D9C}"
EndProject
Project("{9A19103F-16F7-4668-BE54-9A1E7A4F7556}") = "04.PropertyInCSharp", "4.PropertyInCSharp\04.PropertyInCSharp.csproj", "{EF8C92E1-D1D8-43B1-89C5-BBE415E46126}"
EndProject
Project("{9A19103F-16F7-4668-BE54-9A1E7A4F7556}") = "05.AbstactClassInCSharp", "5.AbstactClassInCSharp\05.AbstactClassInCSharp.csproj", "{BB91B7C2-29B0-4B2F-8DBF-8DE1F5BEF381}"
EndProject
Project("{9A19103F-16F7-4668-BE54-9A1E7A4F7556}") = "06.PartialClassInCSharp", "PartialClassInCSharp\06.PartialClassInCSharp.csproj", "{35E1986A-417F-41D4-A9FB-48683702CD57}"
EndProject
Project("{FAE04EC0-301F-11D3-BF4B-00C04F79EFBC}") = "10.ExterntionMethodInCSharp", "10.ExterntionMethodInCSharp\10.ExterntionMethodInCSharp.csproj", "{37DAF19D-DD12-41C0-8CB5-3FEA86B3F4AF}"
EndProject
Project("{FAE04EC0-301F-11D3-BF4B-00C04F79EFBC}") = "11.BaseVsThisInCSharp", "BaseVsThisInCSharp\11.BaseVsThisInCSharp.csproj", "{1E91E72D-5C60-494F-AE5E-2F73F2326271}"
EndProject
Project("{FAE04EC0-301F-11D3-BF4B-00C04F79EFBC}") = "12.EnumInCSharp", "EnumInCSharp\12.EnumInCSharp.csproj", "{EB2843F9-CBF2-446C-9532-DCA8CFB82856}"
EndProject
Project("{FAE04EC0-301F-11D3-BF4B-00C04F79EFBC}") = "13.StringCompareInCSharp", "13.StringCompareInCSharp\13.StringCompareInCSharp.csproj", "{43728D8F-A0C3-4311-9885-671528B89488}"
EndProject
Global
	GlobalSection(SolutionConfigurationPlatforms) = preSolution
		Debug|Any CPU = Debug|Any CPU
		Release|Any CPU = Release|Any CPU
	EndGlobalSection
	GlobalSection(ProjectConfigurationPlatforms) = postSolution
		{3484A9B8-0754-4254-9D86-58E2DC8B2EF8}.Debug|Any CPU.ActiveCfg = Debug|Any CPU
		{3484A9B8-0754-4254-9D86-58E2DC8B2EF8}.Debug|Any CPU.Build.0 = Debug|Any CPU
		{3484A9B8-0754-4254-9D86-58E2DC8B2EF8}.Release|Any CPU.ActiveCfg = Release|Any CPU
		{3484A9B8-0754-4254-9D86-58E2DC8B2EF8}.Release|Any CPU.Build.0 = Release|Any CPU
		{8443B14F-2BB0-4B8F-958D-D7D9620903AA}.Debug|Any CPU.ActiveCfg = Debug|Any CPU
		{8443B14F-2BB0-4B8F-958D-D7D9620903AA}.Debug|Any CPU.Build.0 = Debug|Any CPU
		{8443B14F-2BB0-4B8F-958D-D7D9620903AA}.Release|Any CPU.ActiveCfg = Release|Any CPU
		{8443B14F-2BB0-4B8F-958D-D7D9620903AA}.Release|Any CPU.Build.0 = Release|Any CPU
		{E1F87B80-578C-48F8-9E19-1A95F56E1D5A}.Debug|Any CPU.ActiveCfg = Debug|Any CPU
		{E1F87B80-578C-48F8-9E19-1A95F56E1D5A}.Debug|Any CPU.Build.0 = Debug|Any CPU
		{E1F87B80-578C-48F8-9E19-1A95F56E1D5A}.Release|Any CPU.ActiveCfg = Release|Any CPU
		{E1F87B80-578C-48F8-9E19-1A95F56E1D5A}.Release|Any CPU.Build.0 = Release|Any CPU
		{8AE9978C-FCF7-4C85-A078-B86A97188D9C}.Debug|Any CPU.ActiveCfg = Debug|Any CPU
		{8AE9978C-FCF7-4C85-A078-B86A97188D9C}.Debug|Any CPU.Build.0 = Debug|Any CPU
		{8AE9978C-FCF7-4C85-A078-B86A97188D9C}.Release|Any CPU.ActiveCfg = Release|Any CPU
		{8AE9978C-FCF7-4C85-A078-B86A97188D9C}.Release|Any CPU.Build.0 = Release|Any CPU
		{EF8C92E1-D1D8-43B1-89C5-BBE415E46126}.Debug|Any CPU.ActiveCfg = Debug|Any CPU
		{EF8C92E1-D1D8-43B1-89C5-BBE415E46126}.Debug|Any CPU.Build.0 = Debug|Any CPU
		{EF8C92E1-D1D8-43B1-89C5-BBE415E46126}.Release|Any CPU.ActiveCfg = Release|Any CPU
		{EF8C92E1-D1D8-43B1-89C5-BBE415E46126}.Release|Any CPU.Build.0 = Release|Any CPU
		{BB91B7C2-29B0-4B2F-8DBF-8DE1F5BEF381}.Debug|Any CPU.ActiveCfg = Debug|Any CPU
		{BB91B7C2-29B0-4B2F-8DBF-8DE1F5BEF381}.Debug|Any CPU.Build.0 = Debug|Any CPU
		{BB91B7C2-29B0-4B2F-8DBF-8DE1F5BEF381}.Release|Any CPU.ActiveCfg = Release|Any CPU
		{BB91B7C2-29B0-4B2F-8DBF-8DE1F5BEF381}.Release|Any CPU.Build.0 = Release|Any CPU
		{35E1986A-417F-41D4-A9FB-48683702CD57}.Debug|Any CPU.ActiveCfg = Debug|Any CPU
		{35E1986A-417F-41D4-A9FB-48683702CD57}.Debug|Any CPU.Build.0 = Debug|Any CPU
		{35E1986A-417F-41D4-A9FB-48683702CD57}.Release|Any CPU.ActiveCfg = Release|Any CPU
		{35E1986A-417F-41D4-A9FB-48683702CD57}.Release|Any CPU.Build.0 = Release|Any CPU
		{37DAF19D-DD12-41C0-8CB5-3FEA86B3F4AF}.Debug|Any CPU.ActiveCfg = Debug|Any CPU
		{37DAF19D-DD12-41C0-8CB5-3FEA86B3F4AF}.Debug|Any CPU.Build.0 = Debug|Any CPU
		{37DAF19D-DD12-41C0-8CB5-3FEA86B3F4AF}.Release|Any CPU.ActiveCfg = Release|Any CPU
		{37DAF19D-DD12-41C0-8CB5-3FEA86B3F4AF}.Release|Any CPU.Build.0 = Release|Any CPU
		{1E91E72D-5C60-494F-AE5E-2F73F2326271}.Debug|Any CPU.ActiveCfg = Debug|Any CPU
		{1E91E72D-5C60-494F-AE5E-2F73F2326271}.Debug|Any CPU.Build.0 = Debug|Any CPU
		{1E91E72D-5C60-494F-AE5E-2F73F2326271}.Release|Any CPU.ActiveCfg = Release|Any CPU
		{1E91E72D-5C60-494F-AE5E-2F73F2326271}.Release|Any CPU.Build.0 = Release|Any CPU
		{EB2843F9-CBF2-446C-9532-DCA8CFB82856}.Debug|Any CPU.ActiveCfg = Debug|Any CPU
		{EB2843F9-CBF2-446C-9532-DCA8CFB82856}.Debug|Any CPU.Build.0 = Debug|Any CPU
		{EB2843F9-CBF2-446C-9532-DCA8CFB82856}.Release|Any CPU.ActiveCfg = Release|Any CPU
		{EB2843F9-CBF2-446C-9532-DCA8CFB82856}.Release|Any CPU.Build.0 = Release|Any CPU
		{43728D8F-A0C3-4311-9885-671528B89488}.Debug|Any CPU.ActiveCfg = Debug|Any CPU
		{43728D8F-A0C3-4311-9885-671528B89488}.Debug|Any CPU.Build.0 = Debug|Any CPU
		{43728D8F-A0C3-4311-9885-671528B89488}.Release|Any CPU.ActiveCfg = Release|Any CPU
		{43728D8F-A0C3-4311-9885-671528B89488}.Release|Any CPU.Build.0 = Release|Any CPU
	EndGlobalSection
	GlobalSection(SolutionProperties) = preSolution
		HideSolutionNode = FALSE
	EndGlobalSection
	GlobalSection(ExtensibilityGlobals) = postSolution
		SolutionGuid = {F1A3E2F1-B9D5-4B87-83E3-3430D1A11F84}
	EndGlobalSection
EndGlobal
